// !$*UTF8*$!
{
	archiveVersion = 1;
	classes = {
	};
	objectVersion = 50;
	objects = {

/* Begin PBXBuildFile section */
		D05509112522F9D200C4A914 /* BottomSheetViewController.swift in Sources */ = {isa = PBXBuildFile; fileRef = D05509102522F9D200C4A914 /* BottomSheetViewController.swift */; };
		D05509162522FD2C00C4A914 /* BottomSheetNotch.swift in Sources */ = {isa = PBXBuildFile; fileRef = D05509152522FD2C00C4A914 /* BottomSheetNotch.swift */; };
		D055091925231DEB00C4A914 /* JobDetailsController.swift in Sources */ = {isa = PBXBuildFile; fileRef = D055091825231DEB00C4A914 /* JobDetailsController.swift */; };
		D0CECE3D2522BC4F00F2AB8F /* AppDelegate.swift in Sources */ = {isa = PBXBuildFile; fileRef = D0CECE3C2522BC4F00F2AB8F /* AppDelegate.swift */; };
		D0CECE3F2522BC4F00F2AB8F /* SceneDelegate.swift in Sources */ = {isa = PBXBuildFile; fileRef = D0CECE3E2522BC4F00F2AB8F /* SceneDelegate.swift */; };
		D0CECE412522BC4F00F2AB8F /* HomeController.swift in Sources */ = {isa = PBXBuildFile; fileRef = D0CECE402522BC4F00F2AB8F /* HomeController.swift */; };
		D0CECE442522BC4F00F2AB8F /* Main.storyboard in Resources */ = {isa = PBXBuildFile; fileRef = D0CECE422522BC4F00F2AB8F /* Main.storyboard */; };
		D0CECE462522BC5000F2AB8F /* Assets.xcassets in Resources */ = {isa = PBXBuildFile; fileRef = D0CECE452522BC5000F2AB8F /* Assets.xcassets */; };
		D0CECE492522BC5000F2AB8F /* LaunchScreen.storyboard in Resources */ = {isa = PBXBuildFile; fileRef = D0CECE472522BC5000F2AB8F /* LaunchScreen.storyboard */; };
/* End PBXBuildFile section */

/* Begin PBXFileReference section */
		D05509102522F9D200C4A914 /* BottomSheetViewController.swift */ = {isa = PBXFileReference; lastKnownFileType = sourcecode.swift; path = BottomSheetViewController.swift; sourceTree = "<group>"; };
		D05509152522FD2C00C4A914 /* BottomSheetNotch.swift */ = {isa = PBXFileReference; lastKnownFileType = sourcecode.swift; path = BottomSheetNotch.swift; sourceTree = "<group>"; };
		D055091825231DEB00C4A914 /* JobDetailsController.swift */ = {isa = PBXFileReference; lastKnownFileType = sourcecode.swift; path = JobDetailsController.swift; sourceTree = "<group>"; };
		D0CECE392522BC4F00F2AB8F /* Zira.app */ = {isa = PBXFileReference; explicitFileType = wrapper.application; includeInIndex = 0; path = Zira.app; sourceTree = BUILT_PRODUCTS_DIR; };
		D0CECE3C2522BC4F00F2AB8F /* AppDelegate.swift */ = {isa = PBXFileReference; lastKnownFileType = sourcecode.swift; path = AppDelegate.swift; sourceTree = "<group>"; };
		D0CECE3E2522BC4F00F2AB8F /* SceneDelegate.swift */ = {isa = PBXFileReference; lastKnownFileType = sourcecode.swift; path = SceneDelegate.swift; sourceTree = "<group>"; };
		D0CECE402522BC4F00F2AB8F /* HomeController.swift */ = {isa = PBXFileReference; lastKnownFileType = sourcecode.swift; path = HomeController.swift; sourceTree = "<group>"; };
		D0CECE432522BC4F00F2AB8F /* Base */ = {isa = PBXFileReference; lastKnownFileType = file.storyboard; name = Base; path = Base.lproj/Main.storyboard; sourceTree = "<group>"; };
		D0CECE452522BC5000F2AB8F /* Assets.xcassets */ = {isa = PBXFileReference; lastKnownFileType = folder.assetcatalog; path = Assets.xcassets; sourceTree = "<group>"; };
		D0CECE482522BC5000F2AB8F /* Base */ = {isa = PBXFileReference; lastKnownFileType = file.storyboard; name = Base; path = Base.lproj/LaunchScreen.storyboard; sourceTree = "<group>"; };
		D0CECE4A2522BC5000F2AB8F /* Info.plist */ = {isa = PBXFileReference; lastKnownFileType = text.plist.xml; path = Info.plist; sourceTree = "<group>"; };
/* End PBXFileReference section */

/* Begin PBXFrameworksBuildPhase section */
		D0CECE362522BC4F00F2AB8F /* Frameworks */ = {
			isa = PBXFrameworksBuildPhase;
			buildActionMask = 2147483647;
			files = (
			);
			runOnlyForDeploymentPostprocessing = 0;
		};
/* End PBXFrameworksBuildPhase section */

/* Begin PBXGroup section */
		D05509142522FD1500C4A914 /* Views */ = {
			isa = PBXGroup;
			children = (
				D05509152522FD2C00C4A914 /* BottomSheetNotch.swift */,
			);
			path = Views;
			sourceTree = "<group>";
		};
		D0CECE302522BC4F00F2AB8F = {
			isa = PBXGroup;
			children = (
				D0CECE3B2522BC4F00F2AB8F /* Zira */,
				D0CECE3A2522BC4F00F2AB8F /* Products */,
			);
			sourceTree = "<group>";
		};
		D0CECE3A2522BC4F00F2AB8F /* Products */ = {
			isa = PBXGroup;
			children = (
				D0CECE392522BC4F00F2AB8F /* Zira.app */,
			);
			name = Products;
			sourceTree = "<group>";
		};
		D0CECE3B2522BC4F00F2AB8F /* Zira */ = {
			isa = PBXGroup;
			children = (
				D05509142522FD1500C4A914 /* Views */,
				D0CECE532522BCA400F2AB8F /* ViewControllers */,
				D0CECE512522BC6000F2AB8F /* Supported Files */,
				D0CECE422522BC4F00F2AB8F /* Main.storyboard */,
				D0CECE472522BC5000F2AB8F /* LaunchScreen.storyboard */,
				D0CECE4A2522BC5000F2AB8F /* Info.plist */,
			);
			path = Zira;
			sourceTree = "<group>";
		};
		D0CECE512522BC6000F2AB8F /* Supported Files */ = {
			isa = PBXGroup;
			children = (
				D0CECE452522BC5000F2AB8F /* Assets.xcassets */,
				D0CECE3E2522BC4F00F2AB8F /* SceneDelegate.swift */,
				D0CECE3C2522BC4F00F2AB8F /* AppDelegate.swift */,
			);
			path = "Supported Files";
			sourceTree = "<group>";
		};
		D0CECE532522BCA400F2AB8F /* ViewControllers */ = {
			isa = PBXGroup;
			children = (
				D0CECE402522BC4F00F2AB8F /* HomeController.swift */,
				D05509102522F9D200C4A914 /* BottomSheetViewController.swift */,
				D055091825231DEB00C4A914 /* JobDetailsController.swift */,
			);
			path = ViewControllers;
			sourceTree = "<group>";
		};
/* End PBXGroup section */

/* Begin PBXNativeTarget section */
		D0CECE382522BC4F00F2AB8F /* Zira */ = {
			isa = PBXNativeTarget;
			buildConfigurationList = D0CECE4D2522BC5000F2AB8F /* Build configuration list for PBXNativeTarget "Zira" */;
			buildPhases = (
				D0CECE352522BC4F00F2AB8F /* Sources */,
				D0CECE362522BC4F00F2AB8F /* Frameworks */,
				D0CECE372522BC4F00F2AB8F /* Resources */,
			);
			buildRules = (
			);
			dependencies = (
			);
			name = Zira;
			productName = Zira;
			productReference = D0CECE392522BC4F00F2AB8F /* Zira.app */;
			productType = "com.apple.product-type.application";
		};
/* End PBXNativeTarget section */

/* Begin PBXProject section */
		D0CECE312522BC4F00F2AB8F /* Project object */ = {
			isa = PBXProject;
			attributes = {
				LastSwiftUpdateCheck = 1200;
				LastUpgradeCheck = 1200;
				TargetAttributes = {
					D0CECE382522BC4F00F2AB8F = {
						CreatedOnToolsVersion = 12.0.1;
					};
				};
			};
			buildConfigurationList = D0CECE342522BC4F00F2AB8F /* Build configuration list for PBXProject "Zira" */;
			compatibilityVersion = "Xcode 9.3";
			developmentRegion = en;
			hasScannedForEncodings = 0;
			knownRegions = (
				en,
				Base,
			);
			mainGroup = D0CECE302522BC4F00F2AB8F;
			productRefGroup = D0CECE3A2522BC4F00F2AB8F /* Products */;
			projectDirPath = "";
			projectRoot = "";
			targets = (
				D0CECE382522BC4F00F2AB8F /* Zira */,
			);
		};
/* End PBXProject section */

/* Begin PBXResourcesBuildPhase section */
		D0CECE372522BC4F00F2AB8F /* Resources */ = {
			isa = PBXResourcesBuildPhase;
			buildActionMask = 2147483647;
			files = (
				D0CECE492522BC5000F2AB8F /* LaunchScreen.storyboard in Resources */,
				D0CECE462522BC5000F2AB8F /* Assets.xcassets in Resources */,
				D0CECE442522BC4F00F2AB8F /* Main.storyboard in Resources */,
			);
			runOnlyForDeploymentPostprocessing = 0;
		};
/* End PBXResourcesBuildPhase section */

/* Begin PBXSourcesBuildPhase section */
		D0CECE352522BC4F00F2AB8F /* Sources */ = {
			isa = PBXSourcesBuildPhase;
			buildActionMask = 2147483647;
			files = (
				D0CECE412522BC4F00F2AB8F /* HomeController.swift in Sources */,
				D0CECE3D2522BC4F00F2AB8F /* AppDelegate.swift in Sources */,
				D0CECE3F2522BC4F00F2AB8F /* SceneDelegate.swift in Sources */,
				D05509162522FD2C00C4A914 /* BottomSheetNotch.swift in Sources */,
				D055091925231DEB00C4A914 /* JobDetailsController.swift in Sources */,
				D05509112522F9D200C4A914 /* BottomSheetViewController.swift in Sources */,
			);
			runOnlyForDeploymentPostprocessing = 0;
		};
/* End PBXSourcesBuildPhase section */

/* Begin PBXVariantGroup section */
		D0CECE422522BC4F00F2AB8F /* Main.storyboard */ = {
			isa = PBXVariantGroup;
			children = (
				D0CECE432522BC4F00F2AB8F /* Base */,
			);
			name = Main.storyboard;
			sourceTree = "<group>";
		};
		D0CECE472522BC5000F2AB8F /* LaunchScreen.storyboard */ = {
			isa = PBXVariantGroup;
			children = (
				D0CECE482522BC5000F2AB8F /* Base */,
			);
			name = LaunchScreen.storyboard;
			sourceTree = "<group>";
		};
/* End PBXVariantGroup section */

/* Begin XCBuildConfiguration section */
		D0CECE4B2522BC5000F2AB8F /* Debug */ = {
			isa = XCBuildConfiguration;
			buildSettings = {
				ALWAYS_SEARCH_USER_PATHS = NO;
				CLANG_ANALYZER_NONNULL = YES;
				CLANG_ANALYZER_NUMBER_OBJECT_CONVERSION = YES_AGGRESSIVE;
				CLANG_CXX_LANGUAGE_STANDARD = "gnu++14";
				CLANG_CXX_LIBRARY = "libc++";
				CLANG_ENABLE_MODULES = YES;
				CLANG_ENABLE_OBJC_ARC = YES;
				CLANG_ENABLE_OBJC_WEAK = YES;
				CLANG_WARN_BLOCK_CAPTURE_AUTORELEASING = YES;
				CLANG_WARN_BOOL_CONVERSION = YES;
				CLANG_WARN_COMMA = YES;
				CLANG_WARN_CONSTANT_CONVERSION = YES;
				CLANG_WARN_DEPRECATED_OBJC_IMPLEMENTATIONS = YES;
				CLANG_WARN_DIRECT_OBJC_ISA_USAGE = YES_ERROR;
				CLANG_WARN_DOCUMENTATION_COMMENTS = YES;
				CLANG_WARN_EMPTY_BODY = YES;
				CLANG_WARN_ENUM_CONVERSION = YES;
				CLANG_WARN_INFINITE_RECURSION = YES;
				CLANG_WARN_INT_CONVERSION = YES;
				CLANG_WARN_NON_LITERAL_NULL_CONVERSION = YES;
				CLANG_WARN_OBJC_IMPLICIT_RETAIN_SELF = YES;
				CLANG_WARN_OBJC_LITERAL_CONVERSION = YES;
				CLANG_WARN_OBJC_ROOT_CLASS = YES_ERROR;
				CLANG_WARN_QUOTED_INCLUDE_IN_FRAMEWORK_HEADER = YES;
				CLANG_WARN_RANGE_LOOP_ANALYSIS = YES;
				CLANG_WARN_STRICT_PROTOTYPES = YES;
				CLANG_WARN_SUSPICIOUS_MOVE = YES;
				CLANG_WARN_UNGUARDED_AVAILABILITY = YES_AGGRESSIVE;
				CLANG_WARN_UNREACHABLE_CODE = YES;
				CLANG_WARN__DUPLICATE_METHOD_MATCH = YES;
				COPY_PHASE_STRIP = NO;
				DEBUG_INFORMATION_FORMAT = dwarf;
				ENABLE_STRICT_OBJC_MSGSEND = YES;
				ENABLE_TESTABILITY = YES;
				GCC_C_LANGUAGE_STANDARD = gnu11;
				GCC_DYNAMIC_NO_PIC = NO;
				GCC_NO_COMMON_BLOCKS = YES;
				GCC_OPTIMIZATION_LEVEL = 0;
				GCC_PREPROCESSOR_DEFINITIONS = (
					"DEBUG=1",
					"$(inherited)",
				);
				GCC_WARN_64_TO_32_BIT_CONVERSION = YES;
				GCC_WARN_ABOUT_RETURN_TYPE = YES_ERROR;
				GCC_WARN_UNDECLARED_SELECTOR = YES;
				GCC_WARN_UNINITIALIZED_AUTOS = YES_AGGRESSIVE;
				GCC_WARN_UNUSED_FUNCTION = YES;
				GCC_WARN_UNUSED_VARIABLE = YES;
				IPHONEOS_DEPLOYMENT_TARGET = 14.0;
				MTL_ENABLE_DEBUG_INFO = INCLUDE_SOURCE;
				MTL_FAST_MATH = YES;
				ONLY_ACTIVE_ARCH = YES;
				SDKROOT = iphoneos;
				SWIFT_ACTIVE_COMPILATION_CONDITIONS = DEBUG;
				SWIFT_OPTIMIZATION_LEVEL = "-Onone";
			};
			name = Debug;
		};
		D0CECE4C2522BC5000F2AB8F /* Release */ = {
			isa = XCBuildConfiguration;
			buildSettings = {
				ALWAYS_SEARCH_USER_PATHS = NO;
				CLANG_ANALYZER_NONNULL = YES;
				CLANG_ANALYZER_NUMBER_OBJECT_CONVERSION = YES_AGGRESSIVE;
				CLANG_CXX_LANGUAGE_STANDARD = "gnu++14";
				CLANG_CXX_LIBRARY = "libc++";
				CLANG_ENABLE_MODULES = YES;
				CLANG_ENABLE_OBJC_ARC = YES;
				CLANG_ENABLE_OBJC_WEAK = YES;
				CLANG_WARN_BLOCK_CAPTURE_AUTORELEASING = YES;
				CLANG_WARN_BOOL_CONVERSION = YES;
				CLANG_WARN_COMMA = YES;
				CLANG_WARN_CONSTANT_CONVERSION = YES;
				CLANG_WARN_DEPRECATED_OBJC_IMPLEMENTATIONS = YES;
				CLANG_WARN_DIRECT_OBJC_ISA_USAGE = YES_ERROR;
				CLANG_WARN_DOCUMENTATION_COMMENTS = YES;
				CLANG_WARN_EMPTY_BODY = YES;
				CLANG_WARN_ENUM_CONVERSION = YES;
				CLANG_WARN_INFINITE_RECURSION = YES;
				CLANG_WARN_INT_CONVERSION = YES;
				CLANG_WARN_NON_LITERAL_NULL_CONVERSION = YES;
				CLANG_WARN_OBJC_IMPLICIT_RETAIN_SELF = YES;
				CLANG_WARN_OBJC_LITERAL_CONVERSION = YES;
				CLANG_WARN_OBJC_ROOT_CLASS = YES_ERROR;
				CLANG_WARN_QUOTED_INCLUDE_IN_FRAMEWORK_HEADER = YES;
				CLANG_WARN_RANGE_LOOP_ANALYSIS = YES;
				CLANG_WARN_STRICT_PROTOTYPES = YES;
				CLANG_WARN_SUSPICIOUS_MOVE = YES;
				CLANG_WARN_UNGUARDED_AVAILABILITY = YES_AGGRESSIVE;
				CLANG_WARN_UNREACHABLE_CODE = YES;
				CLANG_WARN__DUPLICATE_METHOD_MATCH = YES;
				COPY_PHASE_STRIP = NO;
				DEBUG_INFORMATION_FORMAT = "dwarf-with-dsym";
				ENABLE_NS_ASSERTIONS = NO;
				ENABLE_STRICT_OBJC_MSGSEND = YES;
				GCC_C_LANGUAGE_STANDARD = gnu11;
				GCC_NO_COMMON_BLOCKS = YES;
				GCC_WARN_64_TO_32_BIT_CONVERSION = YES;
				GCC_WARN_ABOUT_RETURN_TYPE = YES_ERROR;
				GCC_WARN_UNDECLARED_SELECTOR = YES;
				GCC_WARN_UNINITIALIZED_AUTOS = YES_AGGRESSIVE;
				GCC_WARN_UNUSED_FUNCTION = YES;
				GCC_WARN_UNUSED_VARIABLE = YES;
				IPHONEOS_DEPLOYMENT_TARGET = 14.0;
				MTL_ENABLE_DEBUG_INFO = NO;
				MTL_FAST_MATH = YES;
				SDKROOT = iphoneos;
				SWIFT_COMPILATION_MODE = wholemodule;
				SWIFT_OPTIMIZATION_LEVEL = "-O";
				VALIDATE_PRODUCT = YES;
			};
			name = Release;
		};
		D0CECE4E2522BC5000F2AB8F /* Debug */ = {
			isa = XCBuildConfiguration;
			buildSettings = {
				ASSETCATALOG_COMPILER_APPICON_NAME = AppIcon;
				ASSETCATALOG_COMPILER_GLOBAL_ACCENT_COLOR_NAME = AccentColor;
				CODE_SIGN_STYLE = Automatic;
				INFOPLIST_FILE = Zira/Info.plist;
				LD_RUNPATH_SEARCH_PATHS = (
					"$(inherited)",
					"@executable_path/Frameworks",
				);
				PRODUCT_BUNDLE_IDENTIFIER = vienna.Zira;
				PRODUCT_NAME = "$(TARGET_NAME)";
				SWIFT_VERSION = 5.0;
				TARGETED_DEVICE_FAMILY = "1,2";
			};
			name = Debug;
		};
		D0CECE4F2522BC5000F2AB8F /* Release */ = {
			isa = XCBuildConfiguration;
			buildSettings = {
				ASSETCATALOG_COMPILER_APPICON_NAME = AppIcon;
				ASSETCATALOG_COMPILER_GLOBAL_ACCENT_COLOR_NAME = AccentColor;
				CODE_SIGN_STYLE = Automatic;
				INFOPLIST_FILE = Zira/Info.plist;
				LD_RUNPATH_SEARCH_PATHS = (
					"$(inherited)",
					"@executable_path/Frameworks",
				);
				PRODUCT_BUNDLE_IDENTIFIER = vienna.Zira;
				PRODUCT_NAME = "$(TARGET_NAME)";
				SWIFT_VERSION = 5.0;
				TARGETED_DEVICE_FAMILY = "1,2";
			};
			name = Release;
		};
/* End XCBuildConfiguration section */

/* Begin XCConfigurationList section */
		D0CECE342522BC4F00F2AB8F /* Build configuration list for PBXProject "Zira" */ = {
			isa = XCConfigurationList;
			buildConfigurations = (
				D0CECE4B2522BC5000F2AB8F /* Debug */,
				D0CECE4C2522BC5000F2AB8F /* Release */,
			);
			defaultConfigurationIsVisible = 0;
			defaultConfigurationName = Release;
		};
		D0CECE4D2522BC5000F2AB8F /* Build configuration list for PBXNativeTarget "Zira" */ = {
			isa = XCConfigurationList;
			buildConfigurations = (
				D0CECE4E2522BC5000F2AB8F /* Debug */,
				D0CECE4F2522BC5000F2AB8F /* Release */,
			);
			defaultConfigurationIsVisible = 0;
			defaultConfigurationName = Release;
		};
/* End XCConfigurationList section */
	};
	rootObject = D0CECE312522BC4F00F2AB8F /* Project object */;
}
